
Microsoft Visual Studio Solution File, Format Version 12.00
# Visual Studio Version 17
VisualStudioVersion = 17.0.31903.59
MinimumVisualStudioVersion = 10.0.40219.1
Project("{9A19103F-16F7-4668-BE54-9A1E7A4F7556}") = "Photoshop", "Photoshop\Photoshop.csproj", "{9B8902D0-6C84-4EA1-8EBB-B8956E51A999}"
EndProject
Project("{FAE04EC0-301F-11D3-BF4B-00C04F79EFBC}") = "Photoshop.ConsoleClient", "Photoshop.ConsoleClient\Photoshop.ConsoleClient.csproj", "{C81588C0-F9F9-473B-8B3B-2067753B0C3E}"
EndProject
Global
	GlobalSection(SolutionConfigurationPlatforms) = preSolution
		Debug|Any CPU = Debug|Any CPU
		Release|Any CPU = Release|Any CPU
	EndGlobalSection
	GlobalSection(ProjectConfigurationPlatforms) = postSolution
		{9B8902D0-6C84-4EA1-8EBB-B8956E51A999}.Debug|Any CPU.ActiveCfg = Debug|Any CPU
		{9B8902D0-6C84-4EA1-8EBB-B8956E51A999}.Debug|Any CPU.Build.0 = Debug|Any CPU
		{9B8902D0-6C84-4EA1-8EBB-B8956E51A999}.Release|Any CPU.ActiveCfg = Release|Any CPU
		{9B8902D0-6C84-4EA1-8EBB-B8956E51A999}.Release|Any CPU.Build.0 = Release|Any CPU
		{C81588C0-F9F9-473B-8B3B-2067753B0C3E}.Debug|Any CPU.ActiveCfg = Debug|Any CPU
		{C81588C0-F9F9-473B-8B3B-2067753B0C3E}.Debug|Any CPU.Build.0 = Debug|Any CPU
		{C81588C0-F9F9-473B-8B3B-2067753B0C3E}.Release|Any CPU.ActiveCfg = Release|Any CPU
		{C81588C0-F9F9-473B-8B3B-2067753B0C3E}.Release|Any CPU.Build.0 = Release|Any CPU
	EndGlobalSection
	GlobalSection(SolutionProperties) = preSolution
		HideSolutionNode = FALSE
	EndGlobalSection
	GlobalSection(ExtensibilityGlobals) = postSolution
		SolutionGuid = {EE239CBD-C9BE-4954-AF9C-C59AE260C567}
	EndGlobalSection
EndGlobal
